// !$*UTF8*$!
{
	archiveVersion = 1;
	classes = {
	};
	objectVersion = 55;
	objects = {

/* Begin PBXBuildFile section */
		4923C392274187BF007DE6B2 /* AppDelegate.swift in Sources */ = {isa = PBXBuildFile; fileRef = 4923C391274187BF007DE6B2 /* AppDelegate.swift */; };
		4923C394274187BF007DE6B2 /* SceneDelegate.swift in Sources */ = {isa = PBXBuildFile; fileRef = 4923C393274187BF007DE6B2 /* SceneDelegate.swift */; };
		4923C396274187BF007DE6B2 /* ViewController.swift in Sources */ = {isa = PBXBuildFile; fileRef = 4923C395274187BF007DE6B2 /* ViewController.swift */; };
		4923C399274187BF007DE6B2 /* Main.storyboard in Resources */ = {isa = PBXBuildFile; fileRef = 4923C397274187BF007DE6B2 /* Main.storyboard */; };
		4923C39B274187C0007DE6B2 /* Assets.xcassets in Resources */ = {isa = PBXBuildFile; fileRef = 4923C39A274187C0007DE6B2 /* Assets.xcassets */; };
		4923C39E274187C0007DE6B2 /* LaunchScreen.storyboard in Resources */ = {isa = PBXBuildFile; fileRef = 4923C39C274187C0007DE6B2 /* LaunchScreen.storyboard */; };
		497224A42743CB340081F97B /* Event.swift in Sources */ = {isa = PBXBuildFile; fileRef = 497224A32743CB340081F97B /* Event.swift */; };
		B350819FFDD1427F84C7DEED /* Pods_Uni_e_Campus_iOS_Graph_Client.framework in Frameworks */ = {isa = PBXBuildFile; fileRef = D1FDF3FDE7C6021197ADD15F /* Pods_Uni_e_Campus_iOS_Graph_Client.framework */; };
/* End PBXBuildFile section */

/* Begin PBXFileReference section */
		4923C38E274187BF007DE6B2 /* Uni-e-Campus-iOS-Graph-Client.app */ = {isa = PBXFileReference; explicitFileType = wrapper.application; includeInIndex = 0; path = "Uni-e-Campus-iOS-Graph-Client.app"; sourceTree = BUILT_PRODUCTS_DIR; };
		4923C391274187BF007DE6B2 /* AppDelegate.swift */ = {isa = PBXFileReference; lastKnownFileType = sourcecode.swift; path = AppDelegate.swift; sourceTree = "<group>"; };
		4923C393274187BF007DE6B2 /* SceneDelegate.swift */ = {isa = PBXFileReference; lastKnownFileType = sourcecode.swift; path = SceneDelegate.swift; sourceTree = "<group>"; };
		4923C395274187BF007DE6B2 /* ViewController.swift */ = {isa = PBXFileReference; lastKnownFileType = sourcecode.swift; path = ViewController.swift; sourceTree = "<group>"; };
		4923C398274187BF007DE6B2 /* Base */ = {isa = PBXFileReference; lastKnownFileType = file.storyboard; name = Base; path = Base.lproj/Main.storyboard; sourceTree = "<group>"; };
		4923C39A274187C0007DE6B2 /* Assets.xcassets */ = {isa = PBXFileReference; lastKnownFileType = folder.assetcatalog; path = Assets.xcassets; sourceTree = "<group>"; };
		4923C39D274187C0007DE6B2 /* Base */ = {isa = PBXFileReference; lastKnownFileType = file.storyboard; name = Base; path = Base.lproj/LaunchScreen.storyboard; sourceTree = "<group>"; };
		4923C39F274187C0007DE6B2 /* Info.plist */ = {isa = PBXFileReference; lastKnownFileType = text.plist.xml; path = Info.plist; sourceTree = "<group>"; };
		497224A127439E6F0081F97B /* Uni-e-Campus-iOS-Graph-Client.entitlements */ = {isa = PBXFileReference; lastKnownFileType = text.plist.entitlements; path = "Uni-e-Campus-iOS-Graph-Client.entitlements"; sourceTree = "<group>"; };
		497224A32743CB340081F97B /* Event.swift */ = {isa = PBXFileReference; lastKnownFileType = sourcecode.swift; path = Event.swift; sourceTree = "<group>"; };
		78B80B3DCB4FD8835B2D5ACB /* Pods-Uni-e-Campus-iOS-Graph-Client.release.xcconfig */ = {isa = PBXFileReference; includeInIndex = 1; lastKnownFileType = text.xcconfig; name = "Pods-Uni-e-Campus-iOS-Graph-Client.release.xcconfig"; path = "Target Support Files/Pods-Uni-e-Campus-iOS-Graph-Client/Pods-Uni-e-Campus-iOS-Graph-Client.release.xcconfig"; sourceTree = "<group>"; };
		D1FDF3FDE7C6021197ADD15F /* Pods_Uni_e_Campus_iOS_Graph_Client.framework */ = {isa = PBXFileReference; explicitFileType = wrapper.framework; includeInIndex = 0; path = Pods_Uni_e_Campus_iOS_Graph_Client.framework; sourceTree = BUILT_PRODUCTS_DIR; };
		D60C40A3948D915743A2F023 /* Pods-Uni-e-Campus-iOS-Graph-Client.debug.xcconfig */ = {isa = PBXFileReference; includeInIndex = 1; lastKnownFileType = text.xcconfig; name = "Pods-Uni-e-Campus-iOS-Graph-Client.debug.xcconfig"; path = "Target Support Files/Pods-Uni-e-Campus-iOS-Graph-Client/Pods-Uni-e-Campus-iOS-Graph-Client.debug.xcconfig"; sourceTree = "<group>"; };
/* End PBXFileReference section */

/* Begin PBXFrameworksBuildPhase section */
		4923C38B274187BF007DE6B2 /* Frameworks */ = {
			isa = PBXFrameworksBuildPhase;
			buildActionMask = 2147483647;
			files = (
				B350819FFDD1427F84C7DEED /* Pods_Uni_e_Campus_iOS_Graph_Client.framework in Frameworks */,
			);
			runOnlyForDeploymentPostprocessing = 0;
		};
/* End PBXFrameworksBuildPhase section */

/* Begin PBXGroup section */
		4923C385274187BF007DE6B2 = {
			isa = PBXGroup;
			children = (
				4923C390274187BF007DE6B2 /* Uni-e-Campus-iOS-Graph-Client */,
				4923C38F274187BF007DE6B2 /* Products */,
				7777FF1D3CA5FD60163AFF65 /* Pods */,
				6760BEC3522D16549342CF5C /* Frameworks */,
			);
			sourceTree = "<group>";
		};
		4923C38F274187BF007DE6B2 /* Products */ = {
			isa = PBXGroup;
			children = (
				4923C38E274187BF007DE6B2 /* Uni-e-Campus-iOS-Graph-Client.app */,
			);
			name = Products;
			sourceTree = "<group>";
		};
		4923C390274187BF007DE6B2 /* Uni-e-Campus-iOS-Graph-Client */ = {
			isa = PBXGroup;
			children = (
				497224A127439E6F0081F97B /* Uni-e-Campus-iOS-Graph-Client.entitlements */,
				4923C391274187BF007DE6B2 /* AppDelegate.swift */,
				4923C393274187BF007DE6B2 /* SceneDelegate.swift */,
				4923C395274187BF007DE6B2 /* ViewController.swift */,
				4923C397274187BF007DE6B2 /* Main.storyboard */,
				4923C39A274187C0007DE6B2 /* Assets.xcassets */,
				4923C39C274187C0007DE6B2 /* LaunchScreen.storyboard */,
				4923C39F274187C0007DE6B2 /* Info.plist */,
				497224A32743CB340081F97B /* Event.swift */,
			);
			path = "Uni-e-Campus-iOS-Graph-Client";
			sourceTree = "<group>";
		};
		6760BEC3522D16549342CF5C /* Frameworks */ = {
			isa = PBXGroup;
			children = (
				D1FDF3FDE7C6021197ADD15F /* Pods_Uni_e_Campus_iOS_Graph_Client.framework */,
			);
			name = Frameworks;
			sourceTree = "<group>";
		};
		7777FF1D3CA5FD60163AFF65 /* Pods */ = {
			isa = PBXGroup;
			children = (
				D60C40A3948D915743A2F023 /* Pods-Uni-e-Campus-iOS-Graph-Client.debug.xcconfig */,
				78B80B3DCB4FD8835B2D5ACB /* Pods-Uni-e-Campus-iOS-Graph-Client.release.xcconfig */,
			);
			path = Pods;
			sourceTree = "<group>";
		};
/* End PBXGroup section */

/* Begin PBXNativeTarget section */
		4923C38D274187BF007DE6B2 /* Uni-e-Campus-iOS-Graph-Client */ = {
			isa = PBXNativeTarget;
			buildConfigurationList = 4923C3A2274187C0007DE6B2 /* Build configuration list for PBXNativeTarget "Uni-e-Campus-iOS-Graph-Client" */;
			buildPhases = (
				FA22D4B1F0C3B7E2FDFC7438 /* [CP] Check Pods Manifest.lock */,
				4923C38A274187BF007DE6B2 /* Sources */,
				4923C38B274187BF007DE6B2 /* Frameworks */,
				4923C38C274187BF007DE6B2 /* Resources */,
				27B512B6B45D1BEA66FF8201 /* [CP] Embed Pods Frameworks */,
			);
			buildRules = (
			);
			dependencies = (
			);
			name = "Uni-e-Campus-iOS-Graph-Client";
			productName = "Uni-e-Campus-iOS-Graph-Client";
			productReference = 4923C38E274187BF007DE6B2 /* Uni-e-Campus-iOS-Graph-Client.app */;
			productType = "com.apple.product-type.application";
		};
/* End PBXNativeTarget section */

/* Begin PBXProject section */
		4923C386274187BF007DE6B2 /* Project object */ = {
			isa = PBXProject;
			attributes = {
				BuildIndependentTargetsInParallel = 1;
				LastSwiftUpdateCheck = 1310;
				LastUpgradeCheck = 1310;
				TargetAttributes = {
					4923C38D274187BF007DE6B2 = {
						CreatedOnToolsVersion = 13.1;
					};
				};
			};
			buildConfigurationList = 4923C389274187BF007DE6B2 /* Build configuration list for PBXProject "Uni-e-Campus-iOS-Graph-Client" */;
			compatibilityVersion = "Xcode 13.0";
			developmentRegion = en;
			hasScannedForEncodings = 0;
			knownRegions = (
				en,
				Base,
			);
			mainGroup = 4923C385274187BF007DE6B2;
			productRefGroup = 4923C38F274187BF007DE6B2 /* Products */;
			projectDirPath = "";
			projectRoot = "";
			targets = (
				4923C38D274187BF007DE6B2 /* Uni-e-Campus-iOS-Graph-Client */,
			);
		};
/* End PBXProject section */

/* Begin PBXResourcesBuildPhase section */
		4923C38C274187BF007DE6B2 /* Resources */ = {
			isa = PBXResourcesBuildPhase;
			buildActionMask = 2147483647;
			files = (
				4923C39E274187C0007DE6B2 /* LaunchScreen.storyboard in Resources */,
				4923C39B274187C0007DE6B2 /* Assets.xcassets in Resources */,
				4923C399274187BF007DE6B2 /* Main.storyboard in Resources */,
			);
			runOnlyForDeploymentPostprocessing = 0;
		};
/* End PBXResourcesBuildPhase section */

/* Begin PBXShellScriptBuildPhase section */
		27B512B6B45D1BEA66FF8201 /* [CP] Embed Pods Frameworks */ = {
			isa = PBXShellScriptBuildPhase;
			buildActionMask = 2147483647;
			files = (
			);
			inputFileListPaths = (
				"${PODS_ROOT}/Target Support Files/Pods-Uni-e-Campus-iOS-Graph-Client/Pods-Uni-e-Campus-iOS-Graph-Client-frameworks-${CONFIGURATION}-input-files.xcfilelist",
			);
			name = "[CP] Embed Pods Frameworks";
			outputFileListPaths = (
				"${PODS_ROOT}/Target Support Files/Pods-Uni-e-Campus-iOS-Graph-Client/Pods-Uni-e-Campus-iOS-Graph-Client-frameworks-${CONFIGURATION}-output-files.xcfilelist",
			);
			runOnlyForDeploymentPostprocessing = 0;
			shellPath = /bin/sh;
			shellScript = "\"${PODS_ROOT}/Target Support Files/Pods-Uni-e-Campus-iOS-Graph-Client/Pods-Uni-e-Campus-iOS-Graph-Client-frameworks.sh\"\n";
			showEnvVarsInLog = 0;
		};
		FA22D4B1F0C3B7E2FDFC7438 /* [CP] Check Pods Manifest.lock */ = {
			isa = PBXShellScriptBuildPhase;
			buildActionMask = 2147483647;
			files = (
			);
			inputFileListPaths = (
			);
			inputPaths = (
				"${PODS_PODFILE_DIR_PATH}/Podfile.lock",
				"${PODS_ROOT}/Manifest.lock",
			);
			name = "[CP] Check Pods Manifest.lock";
			outputFileListPaths = (
			);
			outputPaths = (
				"$(DERIVED_FILE_DIR)/Pods-Uni-e-Campus-iOS-Graph-Client-checkManifestLockResult.txt",
			);
			runOnlyForDeploymentPostprocessing = 0;
			shellPath = /bin/sh;
			shellScript = "diff \"${PODS_PODFILE_DIR_PATH}/Podfile.lock\" \"${PODS_ROOT}/Manifest.lock\" > /dev/null\nif [ $? != 0 ] ; then\n    # print error to STDERR\n    echo \"error: The sandbox is not in sync with the Podfile.lock. Run 'pod install' or update your CocoaPods installation.\" >&2\n    exit 1\nfi\n# This output is used by Xcode 'outputs' to avoid re-running this script phase.\necho \"SUCCESS\" > \"${SCRIPT_OUTPUT_FILE_0}\"\n";
			showEnvVarsInLog = 0;
		};
/* End PBXShellScriptBuildPhase section */

/* Begin PBXSourcesBuildPhase section */
		4923C38A274187BF007DE6B2 /* Sources */ = {
			isa = PBXSourcesBuildPhase;
			buildActionMask = 2147483647;
			files = (
				497224A42743CB340081F97B /* Event.swift in Sources */,
				4923C396274187BF007DE6B2 /* ViewController.swift in Sources */,
				4923C392274187BF007DE6B2 /* AppDelegate.swift in Sources */,
				4923C394274187BF007DE6B2 /* SceneDelegate.swift in Sources */,
			);
			runOnlyForDeploymentPostprocessing = 0;
		};
/* End PBXSourcesBuildPhase section */

/* Begin PBXVariantGroup section */
		4923C397274187BF007DE6B2 /* Main.storyboard */ = {
			isa = PBXVariantGroup;
			children = (
				4923C398274187BF007DE6B2 /* Base */,
			);
			name = Main.storyboard;
			sourceTree = "<group>";
		};
		4923C39C274187C0007DE6B2 /* LaunchScreen.storyboard */ = {
			isa = PBXVariantGroup;
			children = (
				4923C39D274187C0007DE6B2 /* Base */,
			);
			name = LaunchScreen.storyboard;
			sourceTree = "<group>";
		};
/* End PBXVariantGroup section */

/* Begin XCBuildConfiguration section */
		4923C3A0274187C0007DE6B2 /* Debug */ = {
			isa = XCBuildConfiguration;
			buildSettings = {
				ALWAYS_SEARCH_USER_PATHS = NO;
				CLANG_ANALYZER_NONNULL = YES;
				CLANG_ANALYZER_NUMBER_OBJECT_CONVERSION = YES_AGGRESSIVE;
				CLANG_CXX_LANGUAGE_STANDARD = "gnu++17";
				CLANG_CXX_LIBRARY = "libc++";
				CLANG_ENABLE_MODULES = YES;
				CLANG_ENABLE_OBJC_ARC = YES;
				CLANG_ENABLE_OBJC_WEAK = YES;
				CLANG_WARN_BLOCK_CAPTURE_AUTORELEASING = YES;
				CLANG_WARN_BOOL_CONVERSION = YES;
				CLANG_WARN_COMMA = YES;
				CLANG_WARN_CONSTANT_CONVERSION = YES;
				CLANG_WARN_DEPRECATED_OBJC_IMPLEMENTATIONS = YES;
				CLANG_WARN_DIRECT_OBJC_ISA_USAGE = YES_ERROR;
				CLANG_WARN_DOCUMENTATION_COMMENTS = YES;
				CLANG_WARN_EMPTY_BODY = YES;
				CLANG_WARN_ENUM_CONVERSION = YES;
				CLANG_WARN_INFINITE_RECURSION = YES;
				CLANG_WARN_INT_CONVERSION = YES;
				CLANG_WARN_NON_LITERAL_NULL_CONVERSION = YES;
				CLANG_WARN_OBJC_IMPLICIT_RETAIN_SELF = YES;
				CLANG_WARN_OBJC_LITERAL_CONVERSION = YES;
				CLANG_WARN_OBJC_ROOT_CLASS = YES_ERROR;
				CLANG_WARN_QUOTED_INCLUDE_IN_FRAMEWORK_HEADER = YES;
				CLANG_WARN_RANGE_LOOP_ANALYSIS = YES;
				CLANG_WARN_STRICT_PROTOTYPES = YES;
				CLANG_WARN_SUSPICIOUS_MOVE = YES;
				CLANG_WARN_UNGUARDED_AVAILABILITY = YES_AGGRESSIVE;
				CLANG_WARN_UNREACHABLE_CODE = YES;
				CLANG_WARN__DUPLICATE_METHOD_MATCH = YES;
				COPY_PHASE_STRIP = NO;
				DEBUG_INFORMATION_FORMAT = dwarf;
				ENABLE_STRICT_OBJC_MSGSEND = YES;
				ENABLE_TESTABILITY = YES;
				GCC_C_LANGUAGE_STANDARD = gnu11;
				GCC_DYNAMIC_NO_PIC = NO;
				GCC_NO_COMMON_BLOCKS = YES;
				GCC_OPTIMIZATION_LEVEL = 0;
				GCC_PREPROCESSOR_DEFINITIONS = (
					"DEBUG=1",
					"$(inherited)",
				);
				GCC_WARN_64_TO_32_BIT_CONVERSION = YES;
				GCC_WARN_ABOUT_RETURN_TYPE = YES_ERROR;
				GCC_WARN_UNDECLARED_SELECTOR = YES;
				GCC_WARN_UNINITIALIZED_AUTOS = YES_AGGRESSIVE;
				GCC_WARN_UNUSED_FUNCTION = YES;
				GCC_WARN_UNUSED_VARIABLE = YES;
				IPHONEOS_DEPLOYMENT_TARGET = 15.0;
				MTL_ENABLE_DEBUG_INFO = INCLUDE_SOURCE;
				MTL_FAST_MATH = YES;
				ONLY_ACTIVE_ARCH = YES;
				SDKROOT = iphoneos;
				SWIFT_ACTIVE_COMPILATION_CONDITIONS = DEBUG;
				SWIFT_OPTIMIZATION_LEVEL = "-Onone";
			};
			name = Debug;
		};
		4923C3A1274187C0007DE6B2 /* Release */ = {
			isa = XCBuildConfiguration;
			buildSettings = {
				ALWAYS_SEARCH_USER_PATHS = NO;
				CLANG_ANALYZER_NONNULL = YES;
				CLANG_ANALYZER_NUMBER_OBJECT_CONVERSION = YES_AGGRESSIVE;
				CLANG_CXX_LANGUAGE_STANDARD = "gnu++17";
				CLANG_CXX_LIBRARY = "libc++";
				CLANG_ENABLE_MODULES = YES;
				CLANG_ENABLE_OBJC_ARC = YES;
				CLANG_ENABLE_OBJC_WEAK = YES;
				CLANG_WARN_BLOCK_CAPTURE_AUTORELEASING = YES;
				CLANG_WARN_BOOL_CONVERSION = YES;
				CLANG_WARN_COMMA = YES;
				CLANG_WARN_CONSTANT_CONVERSION = YES;
				CLANG_WARN_DEPRECATED_OBJC_IMPLEMENTATIONS = YES;
				CLANG_WARN_DIRECT_OBJC_ISA_USAGE = YES_ERROR;
				CLANG_WARN_DOCUMENTATION_COMMENTS = YES;
				CLANG_WARN_EMPTY_BODY = YES;
				CLANG_WARN_ENUM_CONVERSION = YES;
				CLANG_WARN_INFINITE_RECURSION = YES;
				CLANG_WARN_INT_CONVERSION = YES;
				CLANG_WARN_NON_LITERAL_NULL_CONVERSION = YES;
				CLANG_WARN_OBJC_IMPLICIT_RETAIN_SELF = YES;
				CLANG_WARN_OBJC_LITERAL_CONVERSION = YES;
				CLANG_WARN_OBJC_ROOT_CLASS = YES_ERROR;
				CLANG_WARN_QUOTED_INCLUDE_IN_FRAMEWORK_HEADER = YES;
				CLANG_WARN_RANGE_LOOP_ANALYSIS = YES;
				CLANG_WARN_STRICT_PROTOTYPES = YES;
				CLANG_WARN_SUSPICIOUS_MOVE = YES;
				CLANG_WARN_UNGUARDED_AVAILABILITY = YES_AGGRESSIVE;
				CLANG_WARN_UNREACHABLE_CODE = YES;
				CLANG_WARN__DUPLICATE_METHOD_MATCH = YES;
				COPY_PHASE_STRIP = NO;
				DEBUG_INFORMATION_FORMAT = "dwarf-with-dsym";
				ENABLE_NS_ASSERTIONS = NO;
				ENABLE_STRICT_OBJC_MSGSEND = YES;
				GCC_C_LANGUAGE_STANDARD = gnu11;
				GCC_NO_COMMON_BLOCKS = YES;
				GCC_WARN_64_TO_32_BIT_CONVERSION = YES;
				GCC_WARN_ABOUT_RETURN_TYPE = YES_ERROR;
				GCC_WARN_UNDECLARED_SELECTOR = YES;
				GCC_WARN_UNINITIALIZED_AUTOS = YES_AGGRESSIVE;
				GCC_WARN_UNUSED_FUNCTION = YES;
				GCC_WARN_UNUSED_VARIABLE = YES;
				IPHONEOS_DEPLOYMENT_TARGET = 15.0;
				MTL_ENABLE_DEBUG_INFO = NO;
				MTL_FAST_MATH = YES;
				SDKROOT = iphoneos;
				SWIFT_COMPILATION_MODE = wholemodule;
				SWIFT_OPTIMIZATION_LEVEL = "-O";
				VALIDATE_PRODUCT = YES;
			};
			name = Release;
		};
		4923C3A3274187C0007DE6B2 /* Debug */ = {
			isa = XCBuildConfiguration;
			baseConfigurationReference = D60C40A3948D915743A2F023 /* Pods-Uni-e-Campus-iOS-Graph-Client.debug.xcconfig */;
			buildSettings = {
				ASSETCATALOG_COMPILER_APPICON_NAME = AppIcon;
				ASSETCATALOG_COMPILER_GLOBAL_ACCENT_COLOR_NAME = AccentColor;
				CODE_SIGN_ENTITLEMENTS = "Uni-e-Campus-iOS-Graph-Client/Uni-e-Campus-iOS-Graph-Client.entitlements";
				CODE_SIGN_STYLE = Automatic;
				CURRENT_PROJECT_VERSION = 1;
				DEVELOPMENT_TEAM = NMJLM962Y6;
				GENERATE_INFOPLIST_FILE = YES;
				INFOPLIST_FILE = "Uni-e-Campus-iOS-Graph-Client/Info.plist";
				INFOPLIST_KEY_UIApplicationSupportsIndirectInputEvents = YES;
				INFOPLIST_KEY_UILaunchStoryboardName = LaunchScreen;
				INFOPLIST_KEY_UIMainStoryboardFile = Main;
				INFOPLIST_KEY_UISupportedInterfaceOrientations_iPad = "UIInterfaceOrientationPortrait UIInterfaceOrientationPortraitUpsideDown UIInterfaceOrientationLandscapeLeft UIInterfaceOrientationLandscapeRight";
				INFOPLIST_KEY_UISupportedInterfaceOrientations_iPhone = "UIInterfaceOrientationPortrait UIInterfaceOrientationLandscapeLeft UIInterfaceOrientationLandscapeRight";
				LD_RUNPATH_SEARCH_PATHS = (
					"$(inherited)",
					"@executable_path/Frameworks",
				);
				MARKETING_VERSION = 1.0;
				PRODUCT_BUNDLE_IDENTIFIER = "PaoloPia.Uni-e-Campus-iOS-Graph-Client";
				PRODUCT_NAME = "$(TARGET_NAME)";
				SWIFT_EMIT_LOC_STRINGS = YES;
				SWIFT_VERSION = 5.0;
				TARGETED_DEVICE_FAMILY = "1,2";
			};
			name = Debug;
		};
		4923C3A4274187C0007DE6B2 /* Release */ = {
			isa = XCBuildConfiguration;
			baseConfigurationReference = 78B80B3DCB4FD8835B2D5ACB /* Pods-Uni-e-Campus-iOS-Graph-Client.release.xcconfig */;
			buildSettings = {
				ASSETCATALOG_COMPILER_APPICON_NAME = AppIcon;
				ASSETCATALOG_COMPILER_GLOBAL_ACCENT_COLOR_NAME = AccentColor;
				CODE_SIGN_ENTITLEMENTS = "Uni-e-Campus-iOS-Graph-Client/Uni-e-Campus-iOS-Graph-Client.entitlements";
				CODE_SIGN_STYLE = Automatic;
				CURRENT_PROJECT_VERSION = 1;
				DEVELOPMENT_TEAM = NMJLM962Y6;
				GENERATE_INFOPLIST_FILE = YES;
				INFOPLIST_FILE = "Uni-e-Campus-iOS-Graph-Client/Info.plist";
				INFOPLIST_KEY_UIApplicationSupportsIndirectInputEvents = YES;
				INFOPLIST_KEY_UILaunchStoryboardName = LaunchScreen;
				INFOPLIST_KEY_UIMainStoryboardFile = Main;
				INFOPLIST_KEY_UISupportedInterfaceOrientations_iPad = "UIInterfaceOrientationPortrait UIInterfaceOrientationPortraitUpsideDown UIInterfaceOrientationLandscapeLeft UIInterfaceOrientationLandscapeRight";
				INFOPLIST_KEY_UISupportedInterfaceOrientations_iPhone = "UIInterfaceOrientationPortrait UIInterfaceOrientationLandscapeLeft UIInterfaceOrientationLandscapeRight";
				LD_RUNPATH_SEARCH_PATHS = (
					"$(inherited)",
					"@executable_path/Frameworks",
				);
				MARKETING_VERSION = 1.0;
				PRODUCT_BUNDLE_IDENTIFIER = "PaoloPia.Uni-e-Campus-iOS-Graph-Client";
				PRODUCT_NAME = "$(TARGET_NAME)";
				SWIFT_EMIT_LOC_STRINGS = YES;
				SWIFT_VERSION = 5.0;
				TARGETED_DEVICE_FAMILY = "1,2";
			};
			name = Release;
		};
/* End XCBuildConfiguration section */

/* Begin XCConfigurationList section */
		4923C389274187BF007DE6B2 /* Build configuration list for PBXProject "Uni-e-Campus-iOS-Graph-Client" */ = {
			isa = XCConfigurationList;
			buildConfigurations = (
				4923C3A0274187C0007DE6B2 /* Debug */,
				4923C3A1274187C0007DE6B2 /* Release */,
			);
			defaultConfigurationIsVisible = 0;
			defaultConfigurationName = Release;
		};
		4923C3A2274187C0007DE6B2 /* Build configuration list for PBXNativeTarget "Uni-e-Campus-iOS-Graph-Client" */ = {
			isa = XCConfigurationList;
			buildConfigurations = (
				4923C3A3274187C0007DE6B2 /* Debug */,
				4923C3A4274187C0007DE6B2 /* Release */,
			);
			defaultConfigurationIsVisible = 0;
			defaultConfigurationName = Release;
		};
/* End XCConfigurationList section */
	};
	rootObject = 4923C386274187BF007DE6B2 /* Project object */;
}
